{
  "version": 4,
  "terraform_version": "1.0.8",
  "serial": 8,
  "lineage": "f4108e43-804d-26df-58ee-1b842ea99a62",
  "outputs": {},
  "resources": [
    {
      "mode": "managed",
      "type": "azurerm_monitor_autoscale_setting",
      "name": "AS-TEST-RG",
      "provider": "provider[\"registry.terraform.io/hashicorp/azurerm\"]",
      "instances": [
        {
          "schema_version": 1,
          "attributes": {
            "enabled": true,
            "id": "/subscriptions/00726fcc-7e50-4a1c-b11a-cc61a850ef2b/resourceGroups/AutoScalingTest-TF/providers/Microsoft.Insights/autoscaleSettings/myAutoscaleSetting",
            "location": "eastus",
            "name": "myAutoscaleSetting",
            "notification": [
              {
                "email": [
                  {
                    "custom_emails": [
                      "sarathdevarakonda1520@outlook.com"
                    ],
                    "send_to_subscription_administrator": true,
                    "send_to_subscription_co_administrator": true
                  }
                ],
                "webhook": []
              }
            ],
            "profile": [
              {
                "capacity": [
                  {
                    "default": 1,
                    "maximum": 10,
                    "minimum": 1
                  }
                ],
                "fixed_date": [],
                "name": "defaultProfile",
                "recurrence": [],
                "rule": [
                  {
                    "metric_trigger": [
                      {
                        "dimensions": [
                          {
                            "name": "AppName",
                            "operator": "Equals",
                            "values": [
                              "App1"
                            ]
                          }
                        ],
                        "divide_by_instance_count": false,
                        "metric_name": "Percentage CPU",
                        "metric_namespace": "microsoft.compute/virtualmachinescalesets",
                        "metric_resource_id": "/subscriptions/00726fcc-7e50-4a1c-b11a-cc61a850ef2b/resourceGroups/AutoScalingTest-TF/providers/Microsoft.Compute/virtualMachineScaleSets/AS-vmss",
                        "operator": "GreaterThan",
                        "statistic": "Average",
                        "threshold": 75,
                        "time_aggregation": "Average",
                        "time_grain": "PT1M",
                        "time_window": "PT5M"
                      }
                    ],
                    "scale_action": [
                      {
                        "cooldown": "PT1M",
                        "direction": "Increase",
                        "type": "ChangeCount",
                        "value": 1
                      }
                    ]
                  },
                  {
                    "metric_trigger": [
                      {
                        "dimensions": [],
                        "divide_by_instance_count": false,
                        "metric_name": "Percentage CPU",
                        "metric_namespace": "",
                        "metric_resource_id": "/subscriptions/00726fcc-7e50-4a1c-b11a-cc61a850ef2b/resourceGroups/AutoScalingTest-TF/providers/Microsoft.Compute/virtualMachineScaleSets/AS-vmss",
                        "operator": "LessThan",
                        "statistic": "Average",
                        "threshold": 25,
                        "time_aggregation": "Average",
                        "time_grain": "PT1M",
                        "time_window": "PT5M"
                      }
                    ],
                    "scale_action": [
                      {
                        "cooldown": "PT1M",
                        "direction": "Decrease",
                        "type": "ChangeCount",
                        "value": 1
                      }
                    ]
                  }
                ]
              }
            ],
            "resource_group_name": "AutoScalingTest-TF",
            "tags": null,
            "target_resource_id": "/subscriptions/00726fcc-7e50-4a1c-b11a-cc61a850ef2b/resourceGroups/AutoScalingTest-TF/providers/Microsoft.Compute/virtualMachineScaleSets/AS-vmss",
            "timeouts": null
          },
          "sensitive_attributes": [],
          "private": "eyJlMmJmYjczMC1lY2FhLTExZTYtOGY4OC0zNDM2M2JjN2M0YzAiOnsiY3JlYXRlIjoxODAwMDAwMDAwMDAwLCJkZWxldGUiOjE4MDAwMDAwMDAwMDAsInJlYWQiOjMwMDAwMDAwMDAwMCwidXBkYXRlIjoxODAwMDAwMDAwMDAwfSwic2NoZW1hX3ZlcnNpb24iOiIxIn0=",
          "dependencies": [
            "azurerm_resource_group.AS-TEST-RG",
            "azurerm_subnet.internal",
            "azurerm_windows_virtual_machine_scale_set.AS-TEST-RG"
          ]
        }
      ]
    },
    {
      "mode": "managed",
      "type": "azurerm_resource_group",
      "name": "AS-TEST-RG",
      "provider": "provider[\"registry.terraform.io/hashicorp/azurerm\"]",
      "instances": [
        {
          "schema_version": 0,
          "attributes": {
            "id": "/subscriptions/00726fcc-7e50-4a1c-b11a-cc61a850ef2b/resourceGroups/AutoScalingTest-TF",
            "location": "eastus",
            "name": "AutoScalingTest-TF",
            "tags": {},
            "timeouts": null
          },
          "sensitive_attributes": [],
          "private": "eyJlMmJmYjczMC1lY2FhLTExZTYtOGY4OC0zNDM2M2JjN2M0YzAiOnsiY3JlYXRlIjo1NDAwMDAwMDAwMDAwLCJkZWxldGUiOjU0MDAwMDAwMDAwMDAsInJlYWQiOjMwMDAwMDAwMDAwMCwidXBkYXRlIjo1NDAwMDAwMDAwMDAwfX0="
        }
      ]
    },
    {
      "mode": "managed",
      "type": "azurerm_subnet",
      "name": "internal",
      "provider": "provider[\"registry.terraform.io/hashicorp/azurerm\"]",
      "instances": [
        {
          "schema_version": 0,
          "attributes": {
            "address_prefix": "10.0.2.0/24",
            "address_prefixes": [
              "10.0.2.0/24"
            ],
            "delegation": [],
            "enforce_private_link_endpoint_network_policies": false,
            "enforce_private_link_service_network_policies": false,
            "id": "/subscriptions/00726fcc-7e50-4a1c-b11a-cc61a850ef2b/resourceGroups/AutoScalingTest-TF/providers/Microsoft.Network/virtualNetworks/AutoScaling-network/subnets/internal",
            "name": "internal",
            "resource_group_name": "AutoScalingTest-TF",
            "service_endpoint_policy_ids": [],
            "service_endpoints": [],
            "timeouts": null,
            "virtual_network_name": "AutoScaling-network"
          },
          "sensitive_attributes": [],
          "private": "eyJlMmJmYjczMC1lY2FhLTExZTYtOGY4OC0zNDM2M2JjN2M0YzAiOnsiY3JlYXRlIjoxODAwMDAwMDAwMDAwLCJkZWxldGUiOjE4MDAwMDAwMDAwMDAsInJlYWQiOjMwMDAwMDAwMDAwMCwidXBkYXRlIjoxODAwMDAwMDAwMDAwfX0=",
          "dependencies": [
            "azurerm_resource_group.AS-TEST-RG",
            "azurerm_virtual_network.AS-TEST-RG"
          ]
        }
      ]
    },
    {
      "mode": "managed",
      "type": "azurerm_virtual_network",
      "name": "AS-TEST-RG",
      "provider": "provider[\"registry.terraform.io/hashicorp/azurerm\"]",
      "instances": [
        {
          "schema_version": 0,
          "attributes": {
            "address_space": [
              "10.0.0.0/16"
            ],
            "bgp_community": "",
            "ddos_protection_plan": [],
            "dns_servers": [],
            "flow_timeout_in_minutes": 0,
            "guid": "c6e75574-552e-469b-9956-289383bb26fe",
            "id": "/subscriptions/00726fcc-7e50-4a1c-b11a-cc61a850ef2b/resourceGroups/AutoScalingTest-TF/providers/Microsoft.Network/virtualNetworks/AutoScaling-network",
            "location": "eastus",
            "name": "AutoScaling-network",
            "resource_group_name": "AutoScalingTest-TF",
            "subnet": [
              {
                "address_prefix": "10.0.2.0/24",
                "id": "/subscriptions/00726fcc-7e50-4a1c-b11a-cc61a850ef2b/resourceGroups/AutoScalingTest-TF/providers/Microsoft.Network/virtualNetworks/AutoScaling-network/subnets/internal",
                "name": "internal",
                "security_group": ""
              }
            ],
            "tags": {},
            "timeouts": null,
            "vm_protection_enabled": false
          },
          "sensitive_attributes": [],
          "private": "eyJlMmJmYjczMC1lY2FhLTExZTYtOGY4OC0zNDM2M2JjN2M0YzAiOnsiY3JlYXRlIjoxODAwMDAwMDAwMDAwLCJkZWxldGUiOjE4MDAwMDAwMDAwMDAsInJlYWQiOjMwMDAwMDAwMDAwMCwidXBkYXRlIjoxODAwMDAwMDAwMDAwfX0=",
          "dependencies": [
            "azurerm_resource_group.AS-TEST-RG"
          ]
        }
      ]
    },
    {
      "mode": "managed",
      "type": "azurerm_windows_virtual_machine_scale_set",
      "name": "AS-TEST-RG",
      "provider": "provider[\"registry.terraform.io/hashicorp/azurerm\"]",
      "instances": [
        {
          "schema_version": 0,
          "attributes": {
            "additional_capabilities": [],
            "additional_unattend_content": [],
            "admin_password": "Autoscaling1234",
            "admin_username": "autoscaling",
            "automatic_instance_repair": [
              {
                "enabled": false,
                "grace_period": "PT30M"
              }
            ],
            "automatic_os_upgrade_policy": [],
            "boot_diagnostics": [],
            "computer_name_prefix": "AS-vmss",
            "custom_data": null,
            "data_disk": [],
            "do_not_run_extensions_on_overprovisioned_machines": false,
            "enable_automatic_updates": true,
            "encryption_at_host_enabled": false,
            "eviction_policy": "",
            "extension": [],
            "extensions_time_budget": "PT1H30M",
            "health_probe_id": "",
            "id": "/subscriptions/00726fcc-7e50-4a1c-b11a-cc61a850ef2b/resourceGroups/AutoScalingTest-TF/providers/Microsoft.Compute/virtualMachineScaleSets/AS-vmss",
            "identity": [],
            "instances": 1,
            "license_type": "",
            "location": "eastus",
            "max_bid_price": -1,
            "name": "AS-vmss",
            "network_interface": [
              {
                "dns_servers": null,
                "enable_accelerated_networking": false,
                "enable_ip_forwarding": false,
                "ip_configuration": [
                  {
                    "application_gateway_backend_address_pool_ids": null,
                    "application_security_group_ids": null,
                    "load_balancer_backend_address_pool_ids": null,
                    "load_balancer_inbound_nat_rules_ids": null,
                    "name": "internal",
                    "primary": true,
                    "public_ip_address": [],
                    "subnet_id": "/subscriptions/00726fcc-7e50-4a1c-b11a-cc61a850ef2b/resourceGroups/AutoScalingTest-TF/providers/Microsoft.Network/virtualNetworks/AutoScaling-network/subnets/internal",
                    "version": "IPv4"
                  }
                ],
                "name": "AutoScaling-RG",
                "network_security_group_id": "",
                "primary": true
              }
            ],
            "os_disk": [
              {
                "caching": "ReadWrite",
                "diff_disk_settings": [],
                "disk_encryption_set_id": "",
                "disk_size_gb": 127,
                "storage_account_type": "Standard_LRS",
                "write_accelerator_enabled": false
              }
            ],
            "overprovision": true,
            "plan": [],
            "platform_fault_domain_count": 0,
            "priority": "Regular",
            "provision_vm_agent": true,
            "proximity_placement_group_id": "",
            "resource_group_name": "AutoScalingTest-TF",
            "rolling_upgrade_policy": [],
            "scale_in_policy": "Default",
            "secret": [],
            "secure_boot_enabled": false,
            "single_placement_group": true,
            "sku": "Standard_F2",
            "source_image_id": "",
            "source_image_reference": [
              {
                "offer": "WindowsServer",
                "publisher": "MicrosoftWindowsServer",
                "sku": "2016-Datacenter-Server-Core",
                "version": "latest"
              }
            ],
            "tags": null,
            "terminate_notification": null,
            "timeouts": null,
            "timezone": "",
            "unique_id": "bfd3665c-65c9-476a-9ab7-e787bc69e7a6",
            "upgrade_mode": "Manual",
            "vtpm_enabled": false,
            "winrm_listener": [],
            "zone_balance": false,
            "zones": null
          },
          "sensitive_attributes": [],
          "private": "eyJlMmJmYjczMC1lY2FhLTExZTYtOGY4OC0zNDM2M2JjN2M0YzAiOnsiY3JlYXRlIjozNjAwMDAwMDAwMDAwLCJkZWxldGUiOjM2MDAwMDAwMDAwMDAsInJlYWQiOjMwMDAwMDAwMDAwMCwidXBkYXRlIjozNjAwMDAwMDAwMDAwfX0=",
          "dependencies": [
            "azurerm_resource_group.AS-TEST-RG",
            "azurerm_subnet.internal"
          ]
        }
      ]
    }
  ]
}
