{
  "version": 4,
  "terraform_version": "1.0.8",
  "serial": 10,
  "lineage": "97ec786d-78b3-b4f9-25ba-291c9de38402",
  "outputs": {
    "aks_node_rg": {
      "value": "aks_terraform_resources_rg",
      "type": "string"
    }
  },
  "resources": [
    {
      "mode": "managed",
      "type": "azurerm_resource_group",
      "name": "rg",
      "provider": "provider[\"registry.terraform.io/hashicorp/azurerm\"]",
      "instances": [
        {
          "schema_version": 0,
          "attributes": {
            "id": "/subscriptions/048e75fa-b81a-479d-ad6e-ad770a4ae337/resourceGroups/aks_terraform_rg",
            "location": "westeurope",
            "name": "aks_terraform_rg",
            "tags": {},
            "timeouts": null
          },
          "sensitive_attributes": [],
          "private": "eyJlMmJmYjczMC1lY2FhLTExZTYtOGY4OC0zNDM2M2JjN2M0YzAiOnsiY3JlYXRlIjo1NDAwMDAwMDAwMDAwLCJkZWxldGUiOjU0MDAwMDAwMDAwMDAsInJlYWQiOjMwMDAwMDAwMDAwMCwidXBkYXRlIjo1NDAwMDAwMDAwMDAwfX0="
        }
      ]
    }
  ]
}
